
Microsoft Visual Studio Solution File, Format Version 12.00
# Visual Studio Version 16
VisualStudioVersion = 16.0.29519.181
MinimumVisualStudioVersion = 10.0.40219.1
Project("{FAE04EC0-301F-11D3-BF4B-00C04F79EFBC}") = "tp2048", "tp2048.csproj", "{4383FEA2-B25C-4B50-8911-8E52C79A8F5C}"
EndProject
Project("{54435603-DBB4-11D2-8724-00A0C9A8B90C}") = "Setup2048", "Setup2048\Setup2048.vdproj", "{A8010E93-EA81-4151-95E6-9B61953CD02A}"
EndProject
Global
	GlobalSection(SolutionConfigurationPlatforms) = preSolution
		Debug|Any CPU = Debug|Any CPU
		Release|Any CPU = Release|Any CPU
	EndGlobalSection
	GlobalSection(ProjectConfigurationPlatforms) = postSolution
		{4383FEA2-B25C-4B50-8911-8E52C79A8F5C}.Debug|Any CPU.ActiveCfg = Debug|Any CPU
		{4383FEA2-B25C-4B50-8911-8E52C79A8F5C}.Debug|Any CPU.Build.0 = Debug|Any CPU
		{4383FEA2-B25C-4B50-8911-8E52C79A8F5C}.Release|Any CPU.ActiveCfg = Release|Any CPU
		{4383FEA2-B25C-4B50-8911-8E52C79A8F5C}.Release|Any CPU.Build.0 = Release|Any CPU
		{A8010E93-EA81-4151-95E6-9B61953CD02A}.Debug|Any CPU.ActiveCfg = Debug
		{A8010E93-EA81-4151-95E6-9B61953CD02A}.Release|Any CPU.ActiveCfg = Release
	EndGlobalSection
	GlobalSection(SolutionProperties) = preSolution
		HideSolutionNode = FALSE
	EndGlobalSection
	GlobalSection(ExtensibilityGlobals) = postSolution
		SolutionGuid = {6EB157CE-4FA0-4F9D-AD46-EC2DEB26B82C}
	EndGlobalSection
EndGlobal
